<?xml version="1.0" encoding="UTF-8"?>
<CodeBlocks_project_file>
	<FileVersion major="1" minor="6"/>
	<Project>
		<Option title="builder"/>
		<Option makefile_is_custom="1"/>
		<Option compiler="gcc"/>
		<Option virtualFolders="CMake Files\;CMake Files\..\;CMake Files\..\..\;CMake Files\..\..\..\;CMake Files\..\..\..\..\;CMake Files\..\..\..\..\ProgramFiles\;CMake Files\..\..\..\..\ProgramFiles\Qt\;CMake Files\..\..\..\..\ProgramFiles\Qt\Qt5.13.0\;CMake Files\..\..\..\..\ProgramFiles\Qt\Qt5.13.0\5.13.0\;CMake Files\..\..\..\..\ProgramFiles\Qt\Qt5.13.0\5.13.0\mingw73_64\;CMake Files\..\..\..\..\ProgramFiles\Qt\Qt5.13.0\5.13.0\mingw73_64\lib\;CMake Files\..\..\..\..\ProgramFiles\Qt\Qt5.13.0\5.13.0\mingw73_64\lib\cmake\;CMake Files\..\..\..\..\ProgramFiles\Qt\Qt5.13.0\5.13.0\mingw73_64\lib\cmake\Qt5Core\;"/>
		<Build>
			<Target title="all">
				<Option working_dir="D:/works/DesignPatterns/builder/build-builder-Desktop_Qt_5_13_0_MinGW_64_bit-Debug"/>
				<Option type="4"/>
				<MakeCommands>
					<Build command="D:/ProgramFiles/Qt/Qt5.13.0/Tools/mingw730_64/bin/mingw32-make.exe -f &quot;D:/works/DesignPatterns/builder/build-builder-Desktop_Qt_5_13_0_MinGW_64_bit-Debug/Makefile&quot;  VERBOSE=1 all"/>
					<CompileFile command="D:/ProgramFiles/Qt/Qt5.13.0/Tools/mingw730_64/bin/mingw32-make.exe -f &quot;D:/works/DesignPatterns/builder/build-builder-Desktop_Qt_5_13_0_MinGW_64_bit-Debug/Makefile&quot;  VERBOSE=1 &quot;$file&quot;"/>
					<Clean command="D:/ProgramFiles/Qt/Qt5.13.0/Tools/mingw730_64/bin/mingw32-make.exe -f &quot;D:/works/DesignPatterns/builder/build-builder-Desktop_Qt_5_13_0_MinGW_64_bit-Debug/Makefile&quot;  VERBOSE=1 clean"/>
					<DistClean command="D:/ProgramFiles/Qt/Qt5.13.0/Tools/mingw730_64/bin/mingw32-make.exe -f &quot;D:/works/DesignPatterns/builder/build-builder-Desktop_Qt_5_13_0_MinGW_64_bit-Debug/Makefile&quot;  VERBOSE=1 clean"/>
				</MakeCommands>
			</Target>
			<Target title="edit_cache">
				<Option working_dir="D:/works/DesignPatterns/builder/build-builder-Desktop_Qt_5_13_0_MinGW_64_bit-Debug"/>
				<Option type="4"/>
				<MakeCommands>
					<Build command="D:/ProgramFiles/Qt/Qt5.13.0/Tools/mingw730_64/bin/mingw32-make.exe -f &quot;D:/works/DesignPatterns/builder/build-builder-Desktop_Qt_5_13_0_MinGW_64_bit-Debug/Makefile&quot;  VERBOSE=1 edit_cache"/>
					<CompileFile command="D:/ProgramFiles/Qt/Qt5.13.0/Tools/mingw730_64/bin/mingw32-make.exe -f &quot;D:/works/DesignPatterns/builder/build-builder-Desktop_Qt_5_13_0_MinGW_64_bit-Debug/Makefile&quot;  VERBOSE=1 &quot;$file&quot;"/>
					<Clean command="D:/ProgramFiles/Qt/Qt5.13.0/Tools/mingw730_64/bin/mingw32-make.exe -f &quot;D:/works/DesignPatterns/builder/build-builder-Desktop_Qt_5_13_0_MinGW_64_bit-Debug/Makefile&quot;  VERBOSE=1 clean"/>
					<DistClean command="D:/ProgramFiles/Qt/Qt5.13.0/Tools/mingw730_64/bin/mingw32-make.exe -f &quot;D:/works/DesignPatterns/builder/build-builder-Desktop_Qt_5_13_0_MinGW_64_bit-Debug/Makefile&quot;  VERBOSE=1 clean"/>
				</MakeCommands>
			</Target>
			<Target title="builder">
				<Option output="D:/works/DesignPatterns/builder/build-builder-Desktop_Qt_5_13_0_MinGW_64_bit-Debug/builder.exe" prefix_auto="0" extension_auto="0"/>
				<Option working_dir="D:/works/DesignPatterns/builder/build-builder-Desktop_Qt_5_13_0_MinGW_64_bit-Debug"/>
				<Option object_output="./"/>
				<Option type="1"/>
				<Option compiler="gcc"/>
				<Compiler>
					<Add option="-DQT_CORE_LIB"/>
					<Add directory="D:/works/DesignPatterns/builder/build-builder-Desktop_Qt_5_13_0_MinGW_64_bit-Debug"/>
					<Add directory="D:/works/DesignPatterns/builder/builder"/>
					<Add directory="D:/works/DesignPatterns/builder/build-builder-Desktop_Qt_5_13_0_MinGW_64_bit-Debug/builder_autogen/include"/>
					<Add directory="D:/ProgramFiles/Qt/Qt5.13.0/5.13.0/mingw73_64/include"/>
					<Add directory="D:/ProgramFiles/Qt/Qt5.13.0/5.13.0/mingw73_64/include/QtCore"/>
					<Add directory="D:/ProgramFiles/Qt/Qt5.13.0/5.13.0/mingw73_64/./mkspecs/win32-g++"/>
					<Add directory="D:/ProgramFiles/Qt/Qt5.13.0/Tools/mingw730_64/bin/../lib/gcc/x86_64-w64-mingw32/7.3.0/include/c++"/>
					<Add directory="D:/ProgramFiles/Qt/Qt5.13.0/Tools/mingw730_64/bin/../lib/gcc/x86_64-w64-mingw32/7.3.0/include/c++/x86_64-w64-mingw32"/>
					<Add directory="D:/ProgramFiles/Qt/Qt5.13.0/Tools/mingw730_64/bin/../lib/gcc/x86_64-w64-mingw32/7.3.0/include/c++/backward"/>
					<Add directory="D:/ProgramFiles/Qt/Qt5.13.0/Tools/mingw730_64/bin/../lib/gcc/x86_64-w64-mingw32/7.3.0/include"/>
					<Add directory="D:/ProgramFiles/Qt/Qt5.13.0/Tools/mingw730_64/bin/../lib/gcc/x86_64-w64-mingw32/7.3.0/include-fixed"/>
					<Add directory="D:/ProgramFiles/Qt/Qt5.13.0/Tools/mingw730_64/bin/../lib/gcc/x86_64-w64-mingw32/7.3.0/../../../../x86_64-w64-mingw32/include"/>
				</Compiler>
				<MakeCommands>
					<Build command="D:/ProgramFiles/Qt/Qt5.13.0/Tools/mingw730_64/bin/mingw32-make.exe -f &quot;D:/works/DesignPatterns/builder/build-builder-Desktop_Qt_5_13_0_MinGW_64_bit-Debug/Makefile&quot;  VERBOSE=1 builder"/>
					<CompileFile command="D:/ProgramFiles/Qt/Qt5.13.0/Tools/mingw730_64/bin/mingw32-make.exe -f &quot;D:/works/DesignPatterns/builder/build-builder-Desktop_Qt_5_13_0_MinGW_64_bit-Debug/Makefile&quot;  VERBOSE=1 &quot;$file&quot;"/>
					<Clean command="D:/ProgramFiles/Qt/Qt5.13.0/Tools/mingw730_64/bin/mingw32-make.exe -f &quot;D:/works/DesignPatterns/builder/build-builder-Desktop_Qt_5_13_0_MinGW_64_bit-Debug/Makefile&quot;  VERBOSE=1 clean"/>
					<DistClean command="D:/ProgramFiles/Qt/Qt5.13.0/Tools/mingw730_64/bin/mingw32-make.exe -f &quot;D:/works/DesignPatterns/builder/build-builder-Desktop_Qt_5_13_0_MinGW_64_bit-Debug/Makefile&quot;  VERBOSE=1 clean"/>
				</MakeCommands>
			</Target>
			<Target title="builder/fast">
				<Option output="D:/works/DesignPatterns/builder/build-builder-Desktop_Qt_5_13_0_MinGW_64_bit-Debug/builder.exe" prefix_auto="0" extension_auto="0"/>
				<Option working_dir="D:/works/DesignPatterns/builder/build-builder-Desktop_Qt_5_13_0_MinGW_64_bit-Debug"/>
				<Option object_output="./"/>
				<Option type="1"/>
				<Option compiler="gcc"/>
				<Compiler>
					<Add option="-DQT_CORE_LIB"/>
					<Add directory="D:/works/DesignPatterns/builder/build-builder-Desktop_Qt_5_13_0_MinGW_64_bit-Debug"/>
					<Add directory="D:/works/DesignPatterns/builder/builder"/>
					<Add directory="D:/works/DesignPatterns/builder/build-builder-Desktop_Qt_5_13_0_MinGW_64_bit-Debug/builder_autogen/include"/>
					<Add directory="D:/ProgramFiles/Qt/Qt5.13.0/5.13.0/mingw73_64/include"/>
					<Add directory="D:/ProgramFiles/Qt/Qt5.13.0/5.13.0/mingw73_64/include/QtCore"/>
					<Add directory="D:/ProgramFiles/Qt/Qt5.13.0/5.13.0/mingw73_64/./mkspecs/win32-g++"/>
					<Add directory="D:/ProgramFiles/Qt/Qt5.13.0/Tools/mingw730_64/bin/../lib/gcc/x86_64-w64-mingw32/7.3.0/include/c++"/>
					<Add directory="D:/ProgramFiles/Qt/Qt5.13.0/Tools/mingw730_64/bin/../lib/gcc/x86_64-w64-mingw32/7.3.0/include/c++/x86_64-w64-mingw32"/>
					<Add directory="D:/ProgramFiles/Qt/Qt5.13.0/Tools/mingw730_64/bin/../lib/gcc/x86_64-w64-mingw32/7.3.0/include/c++/backward"/>
					<Add directory="D:/ProgramFiles/Qt/Qt5.13.0/Tools/mingw730_64/bin/../lib/gcc/x86_64-w64-mingw32/7.3.0/include"/>
					<Add directory="D:/ProgramFiles/Qt/Qt5.13.0/Tools/mingw730_64/bin/../lib/gcc/x86_64-w64-mingw32/7.3.0/include-fixed"/>
					<Add directory="D:/ProgramFiles/Qt/Qt5.13.0/Tools/mingw730_64/bin/../lib/gcc/x86_64-w64-mingw32/7.3.0/../../../../x86_64-w64-mingw32/include"/>
				</Compiler>
				<MakeCommands>
					<Build command="D:/ProgramFiles/Qt/Qt5.13.0/Tools/mingw730_64/bin/mingw32-make.exe -f &quot;D:/works/DesignPatterns/builder/build-builder-Desktop_Qt_5_13_0_MinGW_64_bit-Debug/Makefile&quot;  VERBOSE=1 builder/fast"/>
					<CompileFile command="D:/ProgramFiles/Qt/Qt5.13.0/Tools/mingw730_64/bin/mingw32-make.exe -f &quot;D:/works/DesignPatterns/builder/build-builder-Desktop_Qt_5_13_0_MinGW_64_bit-Debug/Makefile&quot;  VERBOSE=1 &quot;$file&quot;"/>
					<Clean command="D:/ProgramFiles/Qt/Qt5.13.0/Tools/mingw730_64/bin/mingw32-make.exe -f &quot;D:/works/DesignPatterns/builder/build-builder-Desktop_Qt_5_13_0_MinGW_64_bit-Debug/Makefile&quot;  VERBOSE=1 clean"/>
					<DistClean command="D:/ProgramFiles/Qt/Qt5.13.0/Tools/mingw730_64/bin/mingw32-make.exe -f &quot;D:/works/DesignPatterns/builder/build-builder-Desktop_Qt_5_13_0_MinGW_64_bit-Debug/Makefile&quot;  VERBOSE=1 clean"/>
				</MakeCommands>
			</Target>
			<Target title="rebuild_cache">
				<Option working_dir="D:/works/DesignPatterns/builder/build-builder-Desktop_Qt_5_13_0_MinGW_64_bit-Debug"/>
				<Option type="4"/>
				<MakeCommands>
					<Build command="D:/ProgramFiles/Qt/Qt5.13.0/Tools/mingw730_64/bin/mingw32-make.exe -f &quot;D:/works/DesignPatterns/builder/build-builder-Desktop_Qt_5_13_0_MinGW_64_bit-Debug/Makefile&quot;  VERBOSE=1 rebuild_cache"/>
					<CompileFile command="D:/ProgramFiles/Qt/Qt5.13.0/Tools/mingw730_64/bin/mingw32-make.exe -f &quot;D:/works/DesignPatterns/builder/build-builder-Desktop_Qt_5_13_0_MinGW_64_bit-Debug/Makefile&quot;  VERBOSE=1 &quot;$file&quot;"/>
					<Clean command="D:/ProgramFiles/Qt/Qt5.13.0/Tools/mingw730_64/bin/mingw32-make.exe -f &quot;D:/works/DesignPatterns/builder/build-builder-Desktop_Qt_5_13_0_MinGW_64_bit-Debug/Makefile&quot;  VERBOSE=1 clean"/>
					<DistClean command="D:/ProgramFiles/Qt/Qt5.13.0/Tools/mingw730_64/bin/mingw32-make.exe -f &quot;D:/works/DesignPatterns/builder/build-builder-Desktop_Qt_5_13_0_MinGW_64_bit-Debug/Makefile&quot;  VERBOSE=1 clean"/>
				</MakeCommands>
			</Target>
			<Target title="builder_autogen">
				<Option working_dir="D:/works/DesignPatterns/builder/build-builder-Desktop_Qt_5_13_0_MinGW_64_bit-Debug"/>
				<Option type="4"/>
				<MakeCommands>
					<Build command="D:/ProgramFiles/Qt/Qt5.13.0/Tools/mingw730_64/bin/mingw32-make.exe -f &quot;D:/works/DesignPatterns/builder/build-builder-Desktop_Qt_5_13_0_MinGW_64_bit-Debug/Makefile&quot;  VERBOSE=1 builder_autogen"/>
					<CompileFile command="D:/ProgramFiles/Qt/Qt5.13.0/Tools/mingw730_64/bin/mingw32-make.exe -f &quot;D:/works/DesignPatterns/builder/build-builder-Desktop_Qt_5_13_0_MinGW_64_bit-Debug/Makefile&quot;  VERBOSE=1 &quot;$file&quot;"/>
					<Clean command="D:/ProgramFiles/Qt/Qt5.13.0/Tools/mingw730_64/bin/mingw32-make.exe -f &quot;D:/works/DesignPatterns/builder/build-builder-Desktop_Qt_5_13_0_MinGW_64_bit-Debug/Makefile&quot;  VERBOSE=1 clean"/>
					<DistClean command="D:/ProgramFiles/Qt/Qt5.13.0/Tools/mingw730_64/bin/mingw32-make.exe -f &quot;D:/works/DesignPatterns/builder/build-builder-Desktop_Qt_5_13_0_MinGW_64_bit-Debug/Makefile&quot;  VERBOSE=1 clean"/>
				</MakeCommands>
			</Target>
		</Build>
		<Unit filename="D:/works/DesignPatterns/builder/build-builder-Desktop_Qt_5_13_0_MinGW_64_bit-Debug/builder_autogen/mocs_compilation.cpp">
			<Option target="builder"/>
		</Unit>
		<Unit filename="D:/works/DesignPatterns/builder/builder/main.cpp">
			<Option target="builder"/>
		</Unit>
		<Unit filename="D:/works/DesignPatterns/builder/builder/CMakeLists.txt">
			<Option virtualFolder="CMake Files\"/>
		</Unit>
		<Unit filename="D:/works/DesignPatterns/builder/builder/../../../../ProgramFiles/Qt/Qt5.13.0/5.13.0/mingw73_64/lib/cmake/Qt5Core/Qt5CoreConfig.cmake">
			<Option virtualFolder="CMake Files\..\..\..\..\ProgramFiles\Qt\Qt5.13.0\5.13.0\mingw73_64\lib\cmake\Qt5Core\"/>
		</Unit>
		<Unit filename="D:/works/DesignPatterns/builder/builder/../../../../ProgramFiles/Qt/Qt5.13.0/5.13.0/mingw73_64/lib/cmake/Qt5Core/Qt5CoreConfigExtras.cmake">
			<Option virtualFolder="CMake Files\..\..\..\..\ProgramFiles\Qt\Qt5.13.0\5.13.0\mingw73_64\lib\cmake\Qt5Core\"/>
		</Unit>
		<Unit filename="D:/works/DesignPatterns/builder/builder/../../../../ProgramFiles/Qt/Qt5.13.0/5.13.0/mingw73_64/lib/cmake/Qt5Core/Qt5CoreConfigExtrasMkspecDir.cmake">
			<Option virtualFolder="CMake Files\..\..\..\..\ProgramFiles\Qt\Qt5.13.0\5.13.0\mingw73_64\lib\cmake\Qt5Core\"/>
		</Unit>
		<Unit filename="D:/works/DesignPatterns/builder/builder/../../../../ProgramFiles/Qt/Qt5.13.0/5.13.0/mingw73_64/lib/cmake/Qt5Core/Qt5CoreConfigVersion.cmake">
			<Option virtualFolder="CMake Files\..\..\..\..\ProgramFiles\Qt\Qt5.13.0\5.13.0\mingw73_64\lib\cmake\Qt5Core\"/>
		</Unit>
		<Unit filename="D:/works/DesignPatterns/builder/builder/../../../../ProgramFiles/Qt/Qt5.13.0/5.13.0/mingw73_64/lib/cmake/Qt5Core/Qt5CoreMacros.cmake">
			<Option virtualFolder="CMake Files\..\..\..\..\ProgramFiles\Qt\Qt5.13.0\5.13.0\mingw73_64\lib\cmake\Qt5Core\"/>
		</Unit>
	</Project>
</CodeBlocks_project_file>
