<?xml version="1.0" encoding="UTF-8"?>
<CodeBlocks_project_file>
	<FileVersion major="1" minor="6"/>
	<Project>
		<Option title="Adapter"/>
		<Option makefile_is_custom="1"/>
		<Option compiler="gcc"/>
		<Option virtualFolders="CMake Files\;CMake Files\ProgramFiles\;CMake Files\ProgramFiles\Qt\;CMake Files\ProgramFiles\Qt\Qt5.13.0\;CMake Files\ProgramFiles\Qt\Qt5.13.0\5.13.0\;CMake Files\ProgramFiles\Qt\Qt5.13.0\5.13.0\mingw73_64\;CMake Files\ProgramFiles\Qt\Qt5.13.0\5.13.0\mingw73_64\lib\;CMake Files\ProgramFiles\Qt\Qt5.13.0\5.13.0\mingw73_64\lib\cmake\;CMake Files\ProgramFiles\Qt\Qt5.13.0\5.13.0\mingw73_64\lib\cmake\Qt5Core\;"/>
		<Build>
			<Target title="all">
				<Option working_dir="C:/Users/Administrator/Desktop/progress/DesignPatterns/Adapter/build-Adapter-Desktop_Qt_5_13_0_MinGW_64_bit-Default"/>
				<Option type="4"/>
				<MakeCommands>
					<Build command="D:/ProgramFiles/Qt/Qt5.13.0/Tools/mingw730_64/bin/mingw32-make.exe -f &quot;C:/Users/Administrator/Desktop/progress/DesignPatterns/Adapter/build-Adapter-Desktop_Qt_5_13_0_MinGW_64_bit-Default/Makefile&quot;  VERBOSE=1 all"/>
					<CompileFile command="D:/ProgramFiles/Qt/Qt5.13.0/Tools/mingw730_64/bin/mingw32-make.exe -f &quot;C:/Users/Administrator/Desktop/progress/DesignPatterns/Adapter/build-Adapter-Desktop_Qt_5_13_0_MinGW_64_bit-Default/Makefile&quot;  VERBOSE=1 &quot;$file&quot;"/>
					<Clean command="D:/ProgramFiles/Qt/Qt5.13.0/Tools/mingw730_64/bin/mingw32-make.exe -f &quot;C:/Users/Administrator/Desktop/progress/DesignPatterns/Adapter/build-Adapter-Desktop_Qt_5_13_0_MinGW_64_bit-Default/Makefile&quot;  VERBOSE=1 clean"/>
					<DistClean command="D:/ProgramFiles/Qt/Qt5.13.0/Tools/mingw730_64/bin/mingw32-make.exe -f &quot;C:/Users/Administrator/Desktop/progress/DesignPatterns/Adapter/build-Adapter-Desktop_Qt_5_13_0_MinGW_64_bit-Default/Makefile&quot;  VERBOSE=1 clean"/>
				</MakeCommands>
			</Target>
			<Target title="Adapter">
				<Option output="C:/Users/Administrator/Desktop/progress/DesignPatterns/Adapter/build-Adapter-Desktop_Qt_5_13_0_MinGW_64_bit-Default/Adapter.exe" prefix_auto="0" extension_auto="0"/>
				<Option working_dir="C:/Users/Administrator/Desktop/progress/DesignPatterns/Adapter/build-Adapter-Desktop_Qt_5_13_0_MinGW_64_bit-Default"/>
				<Option object_output="./"/>
				<Option type="1"/>
				<Option compiler="gcc"/>
				<Compiler>
					<Add option="-DQT_CORE_LIB"/>
					<Add option="-DQT_NO_DEBUG"/>
					<Add directory="C:/Users/Administrator/Desktop/progress/DesignPatterns/Adapter/build-Adapter-Desktop_Qt_5_13_0_MinGW_64_bit-Default"/>
					<Add directory="C:/Users/Administrator/Desktop/progress/DesignPatterns/Adapter/Adapter"/>
					<Add directory="C:/Users/Administrator/Desktop/progress/DesignPatterns/Adapter/build-Adapter-Desktop_Qt_5_13_0_MinGW_64_bit-Default/Adapter_autogen/include"/>
					<Add directory="D:/ProgramFiles/Qt/Qt5.13.0/5.13.0/mingw73_64/include"/>
					<Add directory="D:/ProgramFiles/Qt/Qt5.13.0/5.13.0/mingw73_64/include/QtCore"/>
					<Add directory="D:/ProgramFiles/Qt/Qt5.13.0/5.13.0/mingw73_64/./mkspecs/win32-g++"/>
					<Add directory="D:/ProgramFiles/Qt/Qt5.13.0/Tools/mingw730_64/bin/../lib/gcc/x86_64-w64-mingw32/7.3.0/include/c++"/>
					<Add directory="D:/ProgramFiles/Qt/Qt5.13.0/Tools/mingw730_64/bin/../lib/gcc/x86_64-w64-mingw32/7.3.0/include/c++/x86_64-w64-mingw32"/>
					<Add directory="D:/ProgramFiles/Qt/Qt5.13.0/Tools/mingw730_64/bin/../lib/gcc/x86_64-w64-mingw32/7.3.0/include/c++/backward"/>
					<Add directory="D:/ProgramFiles/Qt/Qt5.13.0/Tools/mingw730_64/bin/../lib/gcc/x86_64-w64-mingw32/7.3.0/include"/>
					<Add directory="D:/ProgramFiles/Qt/Qt5.13.0/Tools/mingw730_64/bin/../lib/gcc/x86_64-w64-mingw32/7.3.0/include-fixed"/>
					<Add directory="D:/ProgramFiles/Qt/Qt5.13.0/Tools/mingw730_64/bin/../lib/gcc/x86_64-w64-mingw32/7.3.0/../../../../x86_64-w64-mingw32/include"/>
				</Compiler>
				<MakeCommands>
					<Build command="D:/ProgramFiles/Qt/Qt5.13.0/Tools/mingw730_64/bin/mingw32-make.exe -f &quot;C:/Users/Administrator/Desktop/progress/DesignPatterns/Adapter/build-Adapter-Desktop_Qt_5_13_0_MinGW_64_bit-Default/Makefile&quot;  VERBOSE=1 Adapter"/>
					<CompileFile command="D:/ProgramFiles/Qt/Qt5.13.0/Tools/mingw730_64/bin/mingw32-make.exe -f &quot;C:/Users/Administrator/Desktop/progress/DesignPatterns/Adapter/build-Adapter-Desktop_Qt_5_13_0_MinGW_64_bit-Default/Makefile&quot;  VERBOSE=1 &quot;$file&quot;"/>
					<Clean command="D:/ProgramFiles/Qt/Qt5.13.0/Tools/mingw730_64/bin/mingw32-make.exe -f &quot;C:/Users/Administrator/Desktop/progress/DesignPatterns/Adapter/build-Adapter-Desktop_Qt_5_13_0_MinGW_64_bit-Default/Makefile&quot;  VERBOSE=1 clean"/>
					<DistClean command="D:/ProgramFiles/Qt/Qt5.13.0/Tools/mingw730_64/bin/mingw32-make.exe -f &quot;C:/Users/Administrator/Desktop/progress/DesignPatterns/Adapter/build-Adapter-Desktop_Qt_5_13_0_MinGW_64_bit-Default/Makefile&quot;  VERBOSE=1 clean"/>
				</MakeCommands>
			</Target>
			<Target title="Adapter/fast">
				<Option output="C:/Users/Administrator/Desktop/progress/DesignPatterns/Adapter/build-Adapter-Desktop_Qt_5_13_0_MinGW_64_bit-Default/Adapter.exe" prefix_auto="0" extension_auto="0"/>
				<Option working_dir="C:/Users/Administrator/Desktop/progress/DesignPatterns/Adapter/build-Adapter-Desktop_Qt_5_13_0_MinGW_64_bit-Default"/>
				<Option object_output="./"/>
				<Option type="1"/>
				<Option compiler="gcc"/>
				<Compiler>
					<Add option="-DQT_CORE_LIB"/>
					<Add option="-DQT_NO_DEBUG"/>
					<Add directory="C:/Users/Administrator/Desktop/progress/DesignPatterns/Adapter/build-Adapter-Desktop_Qt_5_13_0_MinGW_64_bit-Default"/>
					<Add directory="C:/Users/Administrator/Desktop/progress/DesignPatterns/Adapter/Adapter"/>
					<Add directory="C:/Users/Administrator/Desktop/progress/DesignPatterns/Adapter/build-Adapter-Desktop_Qt_5_13_0_MinGW_64_bit-Default/Adapter_autogen/include"/>
					<Add directory="D:/ProgramFiles/Qt/Qt5.13.0/5.13.0/mingw73_64/include"/>
					<Add directory="D:/ProgramFiles/Qt/Qt5.13.0/5.13.0/mingw73_64/include/QtCore"/>
					<Add directory="D:/ProgramFiles/Qt/Qt5.13.0/5.13.0/mingw73_64/./mkspecs/win32-g++"/>
					<Add directory="D:/ProgramFiles/Qt/Qt5.13.0/Tools/mingw730_64/bin/../lib/gcc/x86_64-w64-mingw32/7.3.0/include/c++"/>
					<Add directory="D:/ProgramFiles/Qt/Qt5.13.0/Tools/mingw730_64/bin/../lib/gcc/x86_64-w64-mingw32/7.3.0/include/c++/x86_64-w64-mingw32"/>
					<Add directory="D:/ProgramFiles/Qt/Qt5.13.0/Tools/mingw730_64/bin/../lib/gcc/x86_64-w64-mingw32/7.3.0/include/c++/backward"/>
					<Add directory="D:/ProgramFiles/Qt/Qt5.13.0/Tools/mingw730_64/bin/../lib/gcc/x86_64-w64-mingw32/7.3.0/include"/>
					<Add directory="D:/ProgramFiles/Qt/Qt5.13.0/Tools/mingw730_64/bin/../lib/gcc/x86_64-w64-mingw32/7.3.0/include-fixed"/>
					<Add directory="D:/ProgramFiles/Qt/Qt5.13.0/Tools/mingw730_64/bin/../lib/gcc/x86_64-w64-mingw32/7.3.0/../../../../x86_64-w64-mingw32/include"/>
				</Compiler>
				<MakeCommands>
					<Build command="D:/ProgramFiles/Qt/Qt5.13.0/Tools/mingw730_64/bin/mingw32-make.exe -f &quot;C:/Users/Administrator/Desktop/progress/DesignPatterns/Adapter/build-Adapter-Desktop_Qt_5_13_0_MinGW_64_bit-Default/Makefile&quot;  VERBOSE=1 Adapter/fast"/>
					<CompileFile command="D:/ProgramFiles/Qt/Qt5.13.0/Tools/mingw730_64/bin/mingw32-make.exe -f &quot;C:/Users/Administrator/Desktop/progress/DesignPatterns/Adapter/build-Adapter-Desktop_Qt_5_13_0_MinGW_64_bit-Default/Makefile&quot;  VERBOSE=1 &quot;$file&quot;"/>
					<Clean command="D:/ProgramFiles/Qt/Qt5.13.0/Tools/mingw730_64/bin/mingw32-make.exe -f &quot;C:/Users/Administrator/Desktop/progress/DesignPatterns/Adapter/build-Adapter-Desktop_Qt_5_13_0_MinGW_64_bit-Default/Makefile&quot;  VERBOSE=1 clean"/>
					<DistClean command="D:/ProgramFiles/Qt/Qt5.13.0/Tools/mingw730_64/bin/mingw32-make.exe -f &quot;C:/Users/Administrator/Desktop/progress/DesignPatterns/Adapter/build-Adapter-Desktop_Qt_5_13_0_MinGW_64_bit-Default/Makefile&quot;  VERBOSE=1 clean"/>
				</MakeCommands>
			</Target>
			<Target title="edit_cache">
				<Option working_dir="C:/Users/Administrator/Desktop/progress/DesignPatterns/Adapter/build-Adapter-Desktop_Qt_5_13_0_MinGW_64_bit-Default"/>
				<Option type="4"/>
				<MakeCommands>
					<Build command="D:/ProgramFiles/Qt/Qt5.13.0/Tools/mingw730_64/bin/mingw32-make.exe -f &quot;C:/Users/Administrator/Desktop/progress/DesignPatterns/Adapter/build-Adapter-Desktop_Qt_5_13_0_MinGW_64_bit-Default/Makefile&quot;  VERBOSE=1 edit_cache"/>
					<CompileFile command="D:/ProgramFiles/Qt/Qt5.13.0/Tools/mingw730_64/bin/mingw32-make.exe -f &quot;C:/Users/Administrator/Desktop/progress/DesignPatterns/Adapter/build-Adapter-Desktop_Qt_5_13_0_MinGW_64_bit-Default/Makefile&quot;  VERBOSE=1 &quot;$file&quot;"/>
					<Clean command="D:/ProgramFiles/Qt/Qt5.13.0/Tools/mingw730_64/bin/mingw32-make.exe -f &quot;C:/Users/Administrator/Desktop/progress/DesignPatterns/Adapter/build-Adapter-Desktop_Qt_5_13_0_MinGW_64_bit-Default/Makefile&quot;  VERBOSE=1 clean"/>
					<DistClean command="D:/ProgramFiles/Qt/Qt5.13.0/Tools/mingw730_64/bin/mingw32-make.exe -f &quot;C:/Users/Administrator/Desktop/progress/DesignPatterns/Adapter/build-Adapter-Desktop_Qt_5_13_0_MinGW_64_bit-Default/Makefile&quot;  VERBOSE=1 clean"/>
				</MakeCommands>
			</Target>
			<Target title="rebuild_cache">
				<Option working_dir="C:/Users/Administrator/Desktop/progress/DesignPatterns/Adapter/build-Adapter-Desktop_Qt_5_13_0_MinGW_64_bit-Default"/>
				<Option type="4"/>
				<MakeCommands>
					<Build command="D:/ProgramFiles/Qt/Qt5.13.0/Tools/mingw730_64/bin/mingw32-make.exe -f &quot;C:/Users/Administrator/Desktop/progress/DesignPatterns/Adapter/build-Adapter-Desktop_Qt_5_13_0_MinGW_64_bit-Default/Makefile&quot;  VERBOSE=1 rebuild_cache"/>
					<CompileFile command="D:/ProgramFiles/Qt/Qt5.13.0/Tools/mingw730_64/bin/mingw32-make.exe -f &quot;C:/Users/Administrator/Desktop/progress/DesignPatterns/Adapter/build-Adapter-Desktop_Qt_5_13_0_MinGW_64_bit-Default/Makefile&quot;  VERBOSE=1 &quot;$file&quot;"/>
					<Clean command="D:/ProgramFiles/Qt/Qt5.13.0/Tools/mingw730_64/bin/mingw32-make.exe -f &quot;C:/Users/Administrator/Desktop/progress/DesignPatterns/Adapter/build-Adapter-Desktop_Qt_5_13_0_MinGW_64_bit-Default/Makefile&quot;  VERBOSE=1 clean"/>
					<DistClean command="D:/ProgramFiles/Qt/Qt5.13.0/Tools/mingw730_64/bin/mingw32-make.exe -f &quot;C:/Users/Administrator/Desktop/progress/DesignPatterns/Adapter/build-Adapter-Desktop_Qt_5_13_0_MinGW_64_bit-Default/Makefile&quot;  VERBOSE=1 clean"/>
				</MakeCommands>
			</Target>
			<Target title="Adapter_autogen">
				<Option working_dir="C:/Users/Administrator/Desktop/progress/DesignPatterns/Adapter/build-Adapter-Desktop_Qt_5_13_0_MinGW_64_bit-Default"/>
				<Option type="4"/>
				<MakeCommands>
					<Build command="D:/ProgramFiles/Qt/Qt5.13.0/Tools/mingw730_64/bin/mingw32-make.exe -f &quot;C:/Users/Administrator/Desktop/progress/DesignPatterns/Adapter/build-Adapter-Desktop_Qt_5_13_0_MinGW_64_bit-Default/Makefile&quot;  VERBOSE=1 Adapter_autogen"/>
					<CompileFile command="D:/ProgramFiles/Qt/Qt5.13.0/Tools/mingw730_64/bin/mingw32-make.exe -f &quot;C:/Users/Administrator/Desktop/progress/DesignPatterns/Adapter/build-Adapter-Desktop_Qt_5_13_0_MinGW_64_bit-Default/Makefile&quot;  VERBOSE=1 &quot;$file&quot;"/>
					<Clean command="D:/ProgramFiles/Qt/Qt5.13.0/Tools/mingw730_64/bin/mingw32-make.exe -f &quot;C:/Users/Administrator/Desktop/progress/DesignPatterns/Adapter/build-Adapter-Desktop_Qt_5_13_0_MinGW_64_bit-Default/Makefile&quot;  VERBOSE=1 clean"/>
					<DistClean command="D:/ProgramFiles/Qt/Qt5.13.0/Tools/mingw730_64/bin/mingw32-make.exe -f &quot;C:/Users/Administrator/Desktop/progress/DesignPatterns/Adapter/build-Adapter-Desktop_Qt_5_13_0_MinGW_64_bit-Default/Makefile&quot;  VERBOSE=1 clean"/>
				</MakeCommands>
			</Target>
		</Build>
		<Unit filename="C:/Users/Administrator/Desktop/progress/DesignPatterns/Adapter/Adapter/main.cpp">
			<Option target="Adapter"/>
		</Unit>
		<Unit filename="C:/Users/Administrator/Desktop/progress/DesignPatterns/Adapter/build-Adapter-Desktop_Qt_5_13_0_MinGW_64_bit-Default/Adapter_autogen/mocs_compilation.cpp">
			<Option target="Adapter"/>
		</Unit>
		<Unit filename="C:/Users/Administrator/Desktop/progress/DesignPatterns/Adapter/Adapter/CMakeLists.txt">
			<Option virtualFolder="CMake Files\"/>
		</Unit>
		<Unit filename="C:/Users/Administrator/Desktop/progress/DesignPatterns/Adapter/Adapter/ProgramFiles/Qt/Qt5.13.0/5.13.0/mingw73_64/lib/cmake/Qt5Core/Qt5CoreConfig.cmake">
			<Option virtualFolder="CMake Files\ProgramFiles\Qt\Qt5.13.0\5.13.0\mingw73_64\lib\cmake\Qt5Core\"/>
		</Unit>
		<Unit filename="C:/Users/Administrator/Desktop/progress/DesignPatterns/Adapter/Adapter/ProgramFiles/Qt/Qt5.13.0/5.13.0/mingw73_64/lib/cmake/Qt5Core/Qt5CoreConfigExtras.cmake">
			<Option virtualFolder="CMake Files\ProgramFiles\Qt\Qt5.13.0\5.13.0\mingw73_64\lib\cmake\Qt5Core\"/>
		</Unit>
		<Unit filename="C:/Users/Administrator/Desktop/progress/DesignPatterns/Adapter/Adapter/ProgramFiles/Qt/Qt5.13.0/5.13.0/mingw73_64/lib/cmake/Qt5Core/Qt5CoreConfigExtrasMkspecDir.cmake">
			<Option virtualFolder="CMake Files\ProgramFiles\Qt\Qt5.13.0\5.13.0\mingw73_64\lib\cmake\Qt5Core\"/>
		</Unit>
		<Unit filename="C:/Users/Administrator/Desktop/progress/DesignPatterns/Adapter/Adapter/ProgramFiles/Qt/Qt5.13.0/5.13.0/mingw73_64/lib/cmake/Qt5Core/Qt5CoreConfigVersion.cmake">
			<Option virtualFolder="CMake Files\ProgramFiles\Qt\Qt5.13.0\5.13.0\mingw73_64\lib\cmake\Qt5Core\"/>
		</Unit>
		<Unit filename="C:/Users/Administrator/Desktop/progress/DesignPatterns/Adapter/Adapter/ProgramFiles/Qt/Qt5.13.0/5.13.0/mingw73_64/lib/cmake/Qt5Core/Qt5CoreMacros.cmake">
			<Option virtualFolder="CMake Files\ProgramFiles\Qt\Qt5.13.0\5.13.0\mingw73_64\lib\cmake\Qt5Core\"/>
		</Unit>
	</Project>
</CodeBlocks_project_file>
